{
  "originHash" : "902debe104c6b5c8942d0b5cc6698be7b61bd2ff926214e64147d63ed26828c0",
  "pins" : [
    {
      "identity" : "statusbarkit",
      "kind" : "remoteSourceControl",
      "location" : "https://github.com/hytfjwr/StatusBarKit",
      "state" : {
        "revision" : "a6934ee3ef0bbcf10be564423cf443e5045a5576",
        "version" : "1.1.1"
      }
    }
  ],
  "version" : 3
}
