{
  "originHash" : "902debe104c6b5c8942d0b5cc6698be7b61bd2ff926214e64147d63ed26828c0",
  "pins" : [
    {
      "identity" : "statusbarkit",
      "kind" : "remoteSourceControl",
      "location" : "https://github.com/hytfjwr/StatusBarKit",
      "state" : {
        "revision" : "e175d28dea28bd41d179a0393f13c9cbd44b9f30",
        "version" : "1.0.0"
      }
    }
  ],
  "version" : 3
}
